
Microsoft Visual Studio Solution File, Format Version 12.00
# Visual Studio 14
VisualStudioVersion = 14.0.25420.1
MinimumVisualStudioVersion = 10.0.40219.1
Project("{FAE04EC0-301F-11D3-BF4B-00C04F79EFBC}") = "AngularPrimer", "AngularPrimer\AngularPrimer.csproj", "{CB4ED034-49E7-4701-B3A6-5C994D4BEE72}"
EndProject
Project("{FAE04EC0-301F-11D3-BF4B-00C04F79EFBC}") = "AngularRouting", "AngularRouting\AngularRouting.csproj", "{47EA5900-D168-4C37-B979-918C4F927AEC}"
EndProject
Project("{FAE04EC0-301F-11D3-BF4B-00C04F79EFBC}") = "AngularAndMVC", "AngularAndMVC\AngularAndMVC.csproj", "{DFB2A631-CC31-46B9-BB78-31C87B1F6F81}"
EndProject
Project("{2150E333-8FDC-42A3-9474-1A3956D46DE8}") = "1", "1", "{14E02A35-213A-4E35-B832-ADF449C61E4B}"
EndProject
Project("{2150E333-8FDC-42A3-9474-1A3956D46DE8}") = "2", "2", "{E850CD0D-903E-4BB0-A7F1-D3E2AD383D87}"
EndProject
Project("{2150E333-8FDC-42A3-9474-1A3956D46DE8}") = "4", "4", "{C126DA08-E8F9-42BA-8EC9-F3E919BFB506}"
EndProject
Project("{2150E333-8FDC-42A3-9474-1A3956D46DE8}") = ".nuget", ".nuget", "{FD2CA2E4-F4A0-4B89-B51F-4F4014CEB68D}"
	ProjectSection(SolutionItems) = preProject
		.nuget\NuGet.Config = .nuget\NuGet.Config
		.nuget\NuGet.exe = .nuget\NuGet.exe
		.nuget\NuGet.targets = .nuget\NuGet.targets
	EndProjectSection
EndProject
Project("{2150E333-8FDC-42A3-9474-1A3956D46DE8}") = "3", "3", "{787050F2-E8CE-462A-86E2-5F8C5033F554}"
EndProject
Project("{FAE04EC0-301F-11D3-BF4B-00C04F79EFBC}") = "MultipleShells", "MultipleShells\MultipleShells.csproj", "{1E39058D-7E6B-4143-B369-10E9A42C2FCD}"
EndProject
Project("{FAE04EC0-301F-11D3-BF4B-00C04F79EFBC}") = "TestMVC", "TestMVC\TestMVC.csproj", "{33864BC1-3A44-49F0-87A5-FD2D6DDDEB83}"
EndProject
Global
	GlobalSection(SolutionConfigurationPlatforms) = preSolution
		Debug|Any CPU = Debug|Any CPU
		Release|Any CPU = Release|Any CPU
	EndGlobalSection
	GlobalSection(ProjectConfigurationPlatforms) = postSolution
		{CB4ED034-49E7-4701-B3A6-5C994D4BEE72}.Debug|Any CPU.ActiveCfg = Debug|Any CPU
		{CB4ED034-49E7-4701-B3A6-5C994D4BEE72}.Debug|Any CPU.Build.0 = Debug|Any CPU
		{CB4ED034-49E7-4701-B3A6-5C994D4BEE72}.Release|Any CPU.ActiveCfg = Release|Any CPU
		{CB4ED034-49E7-4701-B3A6-5C994D4BEE72}.Release|Any CPU.Build.0 = Release|Any CPU
		{47EA5900-D168-4C37-B979-918C4F927AEC}.Debug|Any CPU.ActiveCfg = Debug|Any CPU
		{47EA5900-D168-4C37-B979-918C4F927AEC}.Debug|Any CPU.Build.0 = Debug|Any CPU
		{47EA5900-D168-4C37-B979-918C4F927AEC}.Release|Any CPU.ActiveCfg = Release|Any CPU
		{47EA5900-D168-4C37-B979-918C4F927AEC}.Release|Any CPU.Build.0 = Release|Any CPU
		{DFB2A631-CC31-46B9-BB78-31C87B1F6F81}.Debug|Any CPU.ActiveCfg = Debug|Any CPU
		{DFB2A631-CC31-46B9-BB78-31C87B1F6F81}.Debug|Any CPU.Build.0 = Debug|Any CPU
		{DFB2A631-CC31-46B9-BB78-31C87B1F6F81}.Release|Any CPU.ActiveCfg = Release|Any CPU
		{DFB2A631-CC31-46B9-BB78-31C87B1F6F81}.Release|Any CPU.Build.0 = Release|Any CPU
		{1E39058D-7E6B-4143-B369-10E9A42C2FCD}.Debug|Any CPU.ActiveCfg = Debug|Any CPU
		{1E39058D-7E6B-4143-B369-10E9A42C2FCD}.Debug|Any CPU.Build.0 = Debug|Any CPU
		{1E39058D-7E6B-4143-B369-10E9A42C2FCD}.Release|Any CPU.ActiveCfg = Release|Any CPU
		{1E39058D-7E6B-4143-B369-10E9A42C2FCD}.Release|Any CPU.Build.0 = Release|Any CPU
		{33864BC1-3A44-49F0-87A5-FD2D6DDDEB83}.Debug|Any CPU.ActiveCfg = Debug|Any CPU
		{33864BC1-3A44-49F0-87A5-FD2D6DDDEB83}.Debug|Any CPU.Build.0 = Debug|Any CPU
		{33864BC1-3A44-49F0-87A5-FD2D6DDDEB83}.Release|Any CPU.ActiveCfg = Release|Any CPU
		{33864BC1-3A44-49F0-87A5-FD2D6DDDEB83}.Release|Any CPU.Build.0 = Release|Any CPU
	EndGlobalSection
	GlobalSection(SolutionProperties) = preSolution
		HideSolutionNode = FALSE
	EndGlobalSection
	GlobalSection(NestedProjects) = preSolution
		{CB4ED034-49E7-4701-B3A6-5C994D4BEE72} = {14E02A35-213A-4E35-B832-ADF449C61E4B}
		{47EA5900-D168-4C37-B979-918C4F927AEC} = {E850CD0D-903E-4BB0-A7F1-D3E2AD383D87}
		{DFB2A631-CC31-46B9-BB78-31C87B1F6F81} = {C126DA08-E8F9-42BA-8EC9-F3E919BFB506}
		{1E39058D-7E6B-4143-B369-10E9A42C2FCD} = {787050F2-E8CE-462A-86E2-5F8C5033F554}
	EndGlobalSection
EndGlobal
